
Microsoft Visual Studio Solution File, Format Version 12.00
# Visual Studio Version 17
VisualStudioVersion = 17.5.33424.131
MinimumVisualStudioVersion = 10.0.40219.1
Project("{9A19103F-16F7-4668-BE54-9A1E7A4F7556}") = "PlusMinus", "PlusMinus\PlusMinus.csproj", "{5B367873-158C-46D6-8CAE-C0FD9E42F66C}"
EndProject
Project("{9A19103F-16F7-4668-BE54-9A1E7A4F7556}") = "MiniMaxSum", "MiniMaxSum\MiniMaxSum.csproj", "{BB8C3902-6CCD-4467-AE9E-4873D049B961}"
EndProject
Project("{9A19103F-16F7-4668-BE54-9A1E7A4F7556}") = "TimeConversion", "TimeConversion\TimeConversion.csproj", "{F2EDCE36-06F0-4A3E-AA00-A884CF50BD2B}"
EndProject
Project("{9A19103F-16F7-4668-BE54-9A1E7A4F7556}") = "FindTheMedian", "FindTheMedian\FindTheMedian.csproj", "{13D86158-7BB0-4E0B-82EA-B16B8DA04BE9}"
EndProject
Project("{9A19103F-16F7-4668-BE54-9A1E7A4F7556}") = "DiagonalDifference", "DiagonalDifference\DiagonalDifference.csproj", "{C73FA57B-2CE8-4F36-AB06-F9B34D1CF531}"
EndProject
Project("{9A19103F-16F7-4668-BE54-9A1E7A4F7556}") = "CountingSort1", "CountingSort1\CountingSort1.csproj", "{81135A88-7428-49AA-A7C7-2EAD6C2320AA}"
EndProject
Project("{9A19103F-16F7-4668-BE54-9A1E7A4F7556}") = "LonelyInteger", "LonelyInteger\LonelyInteger.csproj", "{61292CBD-46AD-43C8-8FB1-72402D861F5B}"
EndProject
Project("{FAE04EC0-301F-11D3-BF4B-00C04F79EFBC}") = "CeaserCipher", "CeaserCipher\CeaserCipher.csproj", "{6DE47B5F-35B3-4C56-8387-B94D98CE6CE3}"
EndProject
Project("{FAE04EC0-301F-11D3-BF4B-00C04F79EFBC}") = "GridChallange", "ConsoleApp1\GridChallange.csproj", "{4240BC62-D442-49F2-9CCD-B9D73A40FEEC}"
EndProject
Global
	GlobalSection(SolutionConfigurationPlatforms) = preSolution
		Debug|Any CPU = Debug|Any CPU
		Release|Any CPU = Release|Any CPU
	EndGlobalSection
	GlobalSection(ProjectConfigurationPlatforms) = postSolution
		{5B367873-158C-46D6-8CAE-C0FD9E42F66C}.Debug|Any CPU.ActiveCfg = Debug|Any CPU
		{5B367873-158C-46D6-8CAE-C0FD9E42F66C}.Debug|Any CPU.Build.0 = Debug|Any CPU
		{5B367873-158C-46D6-8CAE-C0FD9E42F66C}.Release|Any CPU.ActiveCfg = Release|Any CPU
		{5B367873-158C-46D6-8CAE-C0FD9E42F66C}.Release|Any CPU.Build.0 = Release|Any CPU
		{BB8C3902-6CCD-4467-AE9E-4873D049B961}.Debug|Any CPU.ActiveCfg = Debug|Any CPU
		{BB8C3902-6CCD-4467-AE9E-4873D049B961}.Debug|Any CPU.Build.0 = Debug|Any CPU
		{BB8C3902-6CCD-4467-AE9E-4873D049B961}.Release|Any CPU.ActiveCfg = Release|Any CPU
		{BB8C3902-6CCD-4467-AE9E-4873D049B961}.Release|Any CPU.Build.0 = Release|Any CPU
		{F2EDCE36-06F0-4A3E-AA00-A884CF50BD2B}.Debug|Any CPU.ActiveCfg = Debug|Any CPU
		{F2EDCE36-06F0-4A3E-AA00-A884CF50BD2B}.Debug|Any CPU.Build.0 = Debug|Any CPU
		{F2EDCE36-06F0-4A3E-AA00-A884CF50BD2B}.Release|Any CPU.ActiveCfg = Release|Any CPU
		{F2EDCE36-06F0-4A3E-AA00-A884CF50BD2B}.Release|Any CPU.Build.0 = Release|Any CPU
		{13D86158-7BB0-4E0B-82EA-B16B8DA04BE9}.Debug|Any CPU.ActiveCfg = Debug|Any CPU
		{13D86158-7BB0-4E0B-82EA-B16B8DA04BE9}.Debug|Any CPU.Build.0 = Debug|Any CPU
		{13D86158-7BB0-4E0B-82EA-B16B8DA04BE9}.Release|Any CPU.ActiveCfg = Release|Any CPU
		{13D86158-7BB0-4E0B-82EA-B16B8DA04BE9}.Release|Any CPU.Build.0 = Release|Any CPU
		{C73FA57B-2CE8-4F36-AB06-F9B34D1CF531}.Debug|Any CPU.ActiveCfg = Debug|Any CPU
		{C73FA57B-2CE8-4F36-AB06-F9B34D1CF531}.Debug|Any CPU.Build.0 = Debug|Any CPU
		{C73FA57B-2CE8-4F36-AB06-F9B34D1CF531}.Release|Any CPU.ActiveCfg = Release|Any CPU
		{C73FA57B-2CE8-4F36-AB06-F9B34D1CF531}.Release|Any CPU.Build.0 = Release|Any CPU
		{81135A88-7428-49AA-A7C7-2EAD6C2320AA}.Debug|Any CPU.ActiveCfg = Debug|Any CPU
		{81135A88-7428-49AA-A7C7-2EAD6C2320AA}.Debug|Any CPU.Build.0 = Debug|Any CPU
		{81135A88-7428-49AA-A7C7-2EAD6C2320AA}.Release|Any CPU.ActiveCfg = Release|Any CPU
		{81135A88-7428-49AA-A7C7-2EAD6C2320AA}.Release|Any CPU.Build.0 = Release|Any CPU
		{61292CBD-46AD-43C8-8FB1-72402D861F5B}.Debug|Any CPU.ActiveCfg = Debug|Any CPU
		{61292CBD-46AD-43C8-8FB1-72402D861F5B}.Debug|Any CPU.Build.0 = Debug|Any CPU
		{61292CBD-46AD-43C8-8FB1-72402D861F5B}.Release|Any CPU.ActiveCfg = Release|Any CPU
		{61292CBD-46AD-43C8-8FB1-72402D861F5B}.Release|Any CPU.Build.0 = Release|Any CPU
		{6DE47B5F-35B3-4C56-8387-B94D98CE6CE3}.Debug|Any CPU.ActiveCfg = Debug|Any CPU
		{6DE47B5F-35B3-4C56-8387-B94D98CE6CE3}.Debug|Any CPU.Build.0 = Debug|Any CPU
		{6DE47B5F-35B3-4C56-8387-B94D98CE6CE3}.Release|Any CPU.ActiveCfg = Release|Any CPU
		{6DE47B5F-35B3-4C56-8387-B94D98CE6CE3}.Release|Any CPU.Build.0 = Release|Any CPU
		{4240BC62-D442-49F2-9CCD-B9D73A40FEEC}.Debug|Any CPU.ActiveCfg = Debug|Any CPU
		{4240BC62-D442-49F2-9CCD-B9D73A40FEEC}.Debug|Any CPU.Build.0 = Debug|Any CPU
		{4240BC62-D442-49F2-9CCD-B9D73A40FEEC}.Release|Any CPU.ActiveCfg = Release|Any CPU
		{4240BC62-D442-49F2-9CCD-B9D73A40FEEC}.Release|Any CPU.Build.0 = Release|Any CPU
	EndGlobalSection
	GlobalSection(SolutionProperties) = preSolution
		HideSolutionNode = FALSE
	EndGlobalSection
	GlobalSection(ExtensibilityGlobals) = postSolution
		SolutionGuid = {10B5BF9B-7208-4FCD-BBF0-09DADDB3B475}
	EndGlobalSection
EndGlobal
